// !$*UTF8*$!
{
	archiveVersion = 1;
	classes = {
	};
	objectVersion = 77;
	objects = {

/* Begin PBXBuildFile section */
		87919B082DA6886C00C58298 /* README.md in Resources */ = {isa = PBXBuildFile; fileRef = 87919AF32DA6886C00C58298 /* README.md */; };
		8791A44E2DAFD7C100C58298 /* NWer in Frameworks */ = {isa = PBXBuildFile; productRef = 8791A44D2DAFD7C100C58298 /* NWer */; };
		879469302DB783F600957C34 /* ListItemView.swift in Sources */ = {isa = PBXBuildFile; fileRef = 8794692A2DB783F600957C34 /* ListItemView.swift */; };
		879469312DB783F600957C34 /* AppState.swift in Sources */ = {isa = PBXBuildFile; fileRef = 879469202DB783F600957C34 /* AppState.swift */; };
		879469322DB783F600957C34 /* ext_VM.swift in Sources */ = {isa = PBXBuildFile; fileRef = 879469282DB783F600957C34 /* ext_VM.swift */; };
		879469332DB783F600957C34 /* VM.swift in Sources */ = {isa = PBXBuildFile; fileRef = 8794692E2DB783F600957C34 /* VM.swift */; };
		879469352DB783F600957C34 /* DBPath.swift in Sources */ = {isa = PBXBuildFile; fileRef = 879469252DB783F600957C34 /* DBPath.swift */; };
		879469372DB783F600957C34 /* mod_ContentView.swift in Sources */ = {isa = PBXBuildFile; fileRef = 8794692B2DB783F600957C34 /* mod_ContentView.swift */; };
		879469382DB783F600957C34 /* glob_.swift in Sources */ = {isa = PBXBuildFile; fileRef = 879469292DB783F600957C34 /* glob_.swift */; };
		879469392DB783F600957C34 /* AltCPApp.swift in Sources */ = {isa = PBXBuildFile; fileRef = 8794691F2DB783F600957C34 /* AltCPApp.swift */; };
		8794693A2DB783F600957C34 /* ext_Content.swift in Sources */ = {isa = PBXBuildFile; fileRef = 879469272DB783F600957C34 /* ext_Content.swift */; };
		8794693B2DB783F600957C34 /* ContentView.swift in Sources */ = {isa = PBXBuildFile; fileRef = 879469242DB783F600957C34 /* ContentView.swift */; };
		8794693C2DB783F600957C34 /* _Config.xcconfig in Resources */ = {isa = PBXBuildFile; fileRef = 8794691D2DB783F600957C34 /* _Config.xcconfig */; };
		8794693D2DB783F600957C34 /* version.sh in Resources */ = {isa = PBXBuildFile; fileRef = 8794692D2DB783F600957C34 /* version.sh */; };
		8794693E2DB783F600957C34 /* build.sh in Resources */ = {isa = PBXBuildFile; fileRef = 879469222DB783F600957C34 /* build.sh */; };
		8794693F2DB783F600957C34 /* Preview Assets.xcassets in Resources */ = {isa = PBXBuildFile; fileRef = 8794691B2DB783F600957C34 /* Preview Assets.xcassets */; };
		879469402DB783F600957C34 /* Assets.xcassets in Resources */ = {isa = PBXBuildFile; fileRef = 879469212DB783F600957C34 /* Assets.xcassets */; };
		879469412DB783F600957C34 /* diployDB.sh in Resources */ = {isa = PBXBuildFile; fileRef = 879469262DB783F600957C34 /* diployDB.sh */; };
/* End PBXBuildFile section */

/* Begin PBXFileReference section */
		87652C3D2CAB87A900942B11 /* AltCP.app */ = {isa = PBXFileReference; explicitFileType = wrapper.application; includeInIndex = 0; path = AltCP.app; sourceTree = BUILT_PRODUCTS_DIR; };
		87919AF32DA6886C00C58298 /* README.md */ = {isa = PBXFileReference; lastKnownFileType = net.daringfireball.markdown; path = README.md; sourceTree = "<group>"; };
		8794691B2DB783F600957C34 /* Preview Assets.xcassets */ = {isa = PBXFileReference; lastKnownFileType = folder.assetcatalog; path = "Preview Assets.xcassets"; sourceTree = "<group>"; };
		8794691D2DB783F600957C34 /* _Config.xcconfig */ = {isa = PBXFileReference; lastKnownFileType = text.xcconfig; path = _Config.xcconfig; sourceTree = "<group>"; };
		8794691E2DB783F600957C34 /* AltCP.entitlements */ = {isa = PBXFileReference; lastKnownFileType = text.plist.entitlements; path = AltCP.entitlements; sourceTree = "<group>"; };
		8794691F2DB783F600957C34 /* AltCPApp.swift */ = {isa = PBXFileReference; lastKnownFileType = sourcecode.swift; path = AltCPApp.swift; sourceTree = "<group>"; };
		879469202DB783F600957C34 /* AppState.swift */ = {isa = PBXFileReference; lastKnownFileType = sourcecode.swift; path = AppState.swift; sourceTree = "<group>"; };
		879469212DB783F600957C34 /* Assets.xcassets */ = {isa = PBXFileReference; lastKnownFileType = folder.assetcatalog; path = Assets.xcassets; sourceTree = "<group>"; };
		879469222DB783F600957C34 /* build.sh */ = {isa = PBXFileReference; lastKnownFileType = text.script.sh; path = build.sh; sourceTree = "<group>"; };
		879469232DB783F600957C34 /* CodeOrName.swift */ = {isa = PBXFileReference; lastKnownFileType = sourcecode.swift; path = CodeOrName.swift; sourceTree = "<group>"; };
		879469242DB783F600957C34 /* ContentView.swift */ = {isa = PBXFileReference; lastKnownFileType = sourcecode.swift; path = ContentView.swift; sourceTree = "<group>"; };
		879469252DB783F600957C34 /* DBPath.swift */ = {isa = PBXFileReference; lastKnownFileType = sourcecode.swift; path = DBPath.swift; sourceTree = "<group>"; };
		879469262DB783F600957C34 /* diployDB.sh */ = {isa = PBXFileReference; lastKnownFileType = text.script.sh; path = diployDB.sh; sourceTree = "<group>"; };
		879469272DB783F600957C34 /* ext_Content.swift */ = {isa = PBXFileReference; lastKnownFileType = sourcecode.swift; path = ext_Content.swift; sourceTree = "<group>"; };
		879469282DB783F600957C34 /* ext_VM.swift */ = {isa = PBXFileReference; lastKnownFileType = sourcecode.swift; path = ext_VM.swift; sourceTree = "<group>"; };
		879469292DB783F600957C34 /* glob_.swift */ = {isa = PBXFileReference; lastKnownFileType = sourcecode.swift; path = glob_.swift; sourceTree = "<group>"; };
		8794692A2DB783F600957C34 /* ListItemView.swift */ = {isa = PBXFileReference; lastKnownFileType = sourcecode.swift; path = ListItemView.swift; sourceTree = "<group>"; };
		8794692B2DB783F600957C34 /* mod_ContentView.swift */ = {isa = PBXFileReference; lastKnownFileType = sourcecode.swift; path = mod_ContentView.swift; sourceTree = "<group>"; };
		8794692C2DB783F600957C34 /* PlotWrapper2.swift */ = {isa = PBXFileReference; lastKnownFileType = sourcecode.swift; path = PlotWrapper2.swift; sourceTree = "<group>"; };
		8794692D2DB783F600957C34 /* version.sh */ = {isa = PBXFileReference; lastKnownFileType = text.script.sh; path = version.sh; sourceTree = "<group>"; };
		8794692E2DB783F600957C34 /* VM.swift */ = {isa = PBXFileReference; lastKnownFileType = sourcecode.swift; path = VM.swift; sourceTree = "<group>"; };
/* End PBXFileReference section */

/* Begin PBXFileSystemSynchronizedRootGroup section */
		87652C3F2CAB87A900942B11 /* AltCP */ = {
			isa = PBXFileSystemSynchronizedRootGroup;
			path = AltCP;
			sourceTree = "<group>";
		};
/* End PBXFileSystemSynchronizedRootGroup section */

/* Begin PBXFrameworksBuildPhase section */
		87652C3A2CAB87A900942B11 /* Frameworks */ = {
			isa = PBXFrameworksBuildPhase;
			buildActionMask = 2147483647;
			files = (
				8791A44E2DAFD7C100C58298 /* NWer in Frameworks */,
			);
			runOnlyForDeploymentPostprocessing = 0;
		};
/* End PBXFrameworksBuildPhase section */

/* Begin PBXGroup section */
		87652C342CAB87A900942B11 = {
			isa = PBXGroup;
			children = (
				87919AF32DA6886C00C58298 /* README.md */,
				87652C3F2CAB87A900942B11 /* AltCP */,
				87652C3E2CAB87A900942B11 /* Products */,
				8794692F2DB783F600957C34 /* AltCP */,
			);
			sourceTree = "<group>";
		};
		87652C3E2CAB87A900942B11 /* Products */ = {
			isa = PBXGroup;
			children = (
				87652C3D2CAB87A900942B11 /* AltCP.app */,
			);
			name = Products;
			sourceTree = "<group>";
		};
		8794691C2DB783F600957C34 /* Preview Content */ = {
			isa = PBXGroup;
			children = (
				8794691B2DB783F600957C34 /* Preview Assets.xcassets */,
			);
			path = "Preview Content";
			sourceTree = "<group>";
		};
		8794692F2DB783F600957C34 /* AltCP */ = {
			isa = PBXGroup;
			children = (
				8794691C2DB783F600957C34 /* Preview Content */,
				8794691D2DB783F600957C34 /* _Config.xcconfig */,
				8794691E2DB783F600957C34 /* AltCP.entitlements */,
				8794691F2DB783F600957C34 /* AltCPApp.swift */,
				879469202DB783F600957C34 /* AppState.swift */,
				879469212DB783F600957C34 /* Assets.xcassets */,
				879469222DB783F600957C34 /* build.sh */,
				879469232DB783F600957C34 /* CodeOrName.swift */,
				879469242DB783F600957C34 /* ContentView.swift */,
				879469252DB783F600957C34 /* DBPath.swift */,
				879469262DB783F600957C34 /* diployDB.sh */,
				879469272DB783F600957C34 /* ext_Content.swift */,
				879469282DB783F600957C34 /* ext_VM.swift */,
				879469292DB783F600957C34 /* glob_.swift */,
				8794692A2DB783F600957C34 /* ListItemView.swift */,
				8794692B2DB783F600957C34 /* mod_ContentView.swift */,
				8794692C2DB783F600957C34 /* PlotWrapper2.swift */,
				8794692D2DB783F600957C34 /* version.sh */,
				8794692E2DB783F600957C34 /* VM.swift */,
			);
			path = AltCP;
			sourceTree = "<group>";
		};
/* End PBXGroup section */

/* Begin PBXNativeTarget section */
		87652C3C2CAB87A900942B11 /* AltCP */ = {
			isa = PBXNativeTarget;
			buildConfigurationList = 87652C4C2CAB87AA00942B11 /* Build configuration list for PBXNativeTarget "AltCP" */;
			buildPhases = (
				87652C392CAB87A900942B11 /* Sources */,
				87652C3A2CAB87A900942B11 /* Frameworks */,
				87652C3B2CAB87A900942B11 /* Resources */,
			);
			buildRules = (
			);
			dependencies = (
			);
			fileSystemSynchronizedGroups = (
				87652C3F2CAB87A900942B11 /* AltCP */,
			);
			name = AltCP;
			packageProductDependencies = (
				8791A44D2DAFD7C100C58298 /* NWer */,
			);
			productName = AltCP;
			productReference = 87652C3D2CAB87A900942B11 /* AltCP.app */;
			productType = "com.apple.product-type.application";
		};
/* End PBXNativeTarget section */

/* Begin PBXProject section */
		87652C352CAB87A900942B11 /* Project object */ = {
			isa = PBXProject;
			attributes = {
				BuildIndependentTargetsInParallel = 1;
				LastSwiftUpdateCheck = 1600;
				LastUpgradeCheck = 1600;
				TargetAttributes = {
					87652C3C2CAB87A900942B11 = {
						CreatedOnToolsVersion = 16.0;
					};
				};
			};
			buildConfigurationList = 87652C382CAB87A900942B11 /* Build configuration list for PBXProject "AltCP" */;
			developmentRegion = en;
			hasScannedForEncodings = 0;
			knownRegions = (
				en,
				Base,
			);
			mainGroup = 87652C342CAB87A900942B11;
			minimizedProjectReferenceProxies = 1;
			packageReferences = (
				8791A44C2DAFD7C100C58298 /* XCRemoteSwiftPackageReference "NWer" */,
			);
			preferredProjectObjectVersion = 77;
			productRefGroup = 87652C3E2CAB87A900942B11 /* Products */;
			projectDirPath = "";
			projectRoot = "";
			targets = (
				87652C3C2CAB87A900942B11 /* AltCP */,
			);
		};
/* End PBXProject section */

/* Begin PBXResourcesBuildPhase section */
		87652C3B2CAB87A900942B11 /* Resources */ = {
			isa = PBXResourcesBuildPhase;
			buildActionMask = 2147483647;
			files = (
				87919B082DA6886C00C58298 /* README.md in Resources */,
				8794693C2DB783F600957C34 /* _Config.xcconfig in Resources */,
				8794693D2DB783F600957C34 /* version.sh in Resources */,
				8794693E2DB783F600957C34 /* build.sh in Resources */,
				8794693F2DB783F600957C34 /* Preview Assets.xcassets in Resources */,
				879469402DB783F600957C34 /* Assets.xcassets in Resources */,
				879469412DB783F600957C34 /* diployDB.sh in Resources */,
			);
			runOnlyForDeploymentPostprocessing = 0;
		};
/* End PBXResourcesBuildPhase section */

/* Begin PBXSourcesBuildPhase section */
		87652C392CAB87A900942B11 /* Sources */ = {
			isa = PBXSourcesBuildPhase;
			buildActionMask = 2147483647;
			files = (
				879469302DB783F600957C34 /* ListItemView.swift in Sources */,
				879469312DB783F600957C34 /* AppState.swift in Sources */,
				879469322DB783F600957C34 /* ext_VM.swift in Sources */,
				879469332DB783F600957C34 /* VM.swift in Sources */,
				879469352DB783F600957C34 /* DBPath.swift in Sources */,
				879469372DB783F600957C34 /* mod_ContentView.swift in Sources */,
				879469382DB783F600957C34 /* glob_.swift in Sources */,
				879469392DB783F600957C34 /* AltCPApp.swift in Sources */,
				8794693A2DB783F600957C34 /* ext_Content.swift in Sources */,
				8794693B2DB783F600957C34 /* ContentView.swift in Sources */,
			);
			runOnlyForDeploymentPostprocessing = 0;
		};
/* End PBXSourcesBuildPhase section */

/* Begin XCBuildConfiguration section */
		87652C4A2CAB87AA00942B11 /* Debug */ = {
			isa = XCBuildConfiguration;
			buildSettings = {
				ALWAYS_SEARCH_USER_PATHS = NO;
				ASSETCATALOG_COMPILER_GENERATE_SWIFT_ASSET_SYMBOL_EXTENSIONS = YES;
				CLANG_ANALYZER_NONNULL = YES;
				CLANG_ANALYZER_NUMBER_OBJECT_CONVERSION = YES_AGGRESSIVE;
				CLANG_CXX_LANGUAGE_STANDARD = "gnu++20";
				CLANG_ENABLE_MODULES = YES;
				CLANG_ENABLE_OBJC_ARC = YES;
				CLANG_ENABLE_OBJC_WEAK = YES;
				CLANG_WARN_BLOCK_CAPTURE_AUTORELEASING = YES;
				CLANG_WARN_BOOL_CONVERSION = YES;
				CLANG_WARN_COMMA = YES;
				CLANG_WARN_CONSTANT_CONVERSION = YES;
				CLANG_WARN_DEPRECATED_OBJC_IMPLEMENTATIONS = YES;
				CLANG_WARN_DIRECT_OBJC_ISA_USAGE = YES_ERROR;
				CLANG_WARN_DOCUMENTATION_COMMENTS = YES;
				CLANG_WARN_EMPTY_BODY = YES;
				CLANG_WARN_ENUM_CONVERSION = YES;
				CLANG_WARN_INFINITE_RECURSION = YES;
				CLANG_WARN_INT_CONVERSION = YES;
				CLANG_WARN_NON_LITERAL_NULL_CONVERSION = YES;
				CLANG_WARN_OBJC_IMPLICIT_RETAIN_SELF = YES;
				CLANG_WARN_OBJC_LITERAL_CONVERSION = YES;
				CLANG_WARN_OBJC_ROOT_CLASS = YES_ERROR;
				CLANG_WARN_QUOTED_INCLUDE_IN_FRAMEWORK_HEADER = YES;
				CLANG_WARN_RANGE_LOOP_ANALYSIS = YES;
				CLANG_WARN_STRICT_PROTOTYPES = YES;
				CLANG_WARN_SUSPICIOUS_MOVE = YES;
				CLANG_WARN_UNGUARDED_AVAILABILITY = YES_AGGRESSIVE;
				CLANG_WARN_UNREACHABLE_CODE = YES;
				CLANG_WARN__DUPLICATE_METHOD_MATCH = YES;
				COPY_PHASE_STRIP = NO;
				DEBUG_INFORMATION_FORMAT = dwarf;
				ENABLE_STRICT_OBJC_MSGSEND = YES;
				ENABLE_TESTABILITY = YES;
				ENABLE_USER_SCRIPT_SANDBOXING = YES;
				GCC_C_LANGUAGE_STANDARD = gnu17;
				GCC_DYNAMIC_NO_PIC = NO;
				GCC_NO_COMMON_BLOCKS = YES;
				GCC_OPTIMIZATION_LEVEL = 0;
				GCC_PREPROCESSOR_DEFINITIONS = (
					"DEBUG=1",
					"$(inherited)",
				);
				GCC_WARN_64_TO_32_BIT_CONVERSION = YES;
				GCC_WARN_ABOUT_RETURN_TYPE = YES_ERROR;
				GCC_WARN_UNDECLARED_SELECTOR = YES;
				GCC_WARN_UNINITIALIZED_AUTOS = YES_AGGRESSIVE;
				GCC_WARN_UNUSED_FUNCTION = YES;
				GCC_WARN_UNUSED_VARIABLE = YES;
				LOCALIZATION_PREFERS_STRING_CATALOGS = YES;
				MACOSX_DEPLOYMENT_TARGET = 15.0;
				MTL_ENABLE_DEBUG_INFO = INCLUDE_SOURCE;
				MTL_FAST_MATH = YES;
				ONLY_ACTIVE_ARCH = YES;
				SDKROOT = macosx;
				SWIFT_ACTIVE_COMPILATION_CONDITIONS = "DEBUG $(inherited)";
				SWIFT_OPTIMIZATION_LEVEL = "-Onone";
				SWIFT_VERSION = 6.0;
			};
			name = Debug;
		};
		87652C4B2CAB87AA00942B11 /* Release */ = {
			isa = XCBuildConfiguration;
			buildSettings = {
				ALWAYS_SEARCH_USER_PATHS = NO;
				ASSETCATALOG_COMPILER_GENERATE_SWIFT_ASSET_SYMBOL_EXTENSIONS = YES;
				CLANG_ANALYZER_NONNULL = YES;
				CLANG_ANALYZER_NUMBER_OBJECT_CONVERSION = YES_AGGRESSIVE;
				CLANG_CXX_LANGUAGE_STANDARD = "gnu++20";
				CLANG_ENABLE_MODULES = YES;
				CLANG_ENABLE_OBJC_ARC = YES;
				CLANG_ENABLE_OBJC_WEAK = YES;
				CLANG_WARN_BLOCK_CAPTURE_AUTORELEASING = YES;
				CLANG_WARN_BOOL_CONVERSION = YES;
				CLANG_WARN_COMMA = YES;
				CLANG_WARN_CONSTANT_CONVERSION = YES;
				CLANG_WARN_DEPRECATED_OBJC_IMPLEMENTATIONS = YES;
				CLANG_WARN_DIRECT_OBJC_ISA_USAGE = YES_ERROR;
				CLANG_WARN_DOCUMENTATION_COMMENTS = YES;
				CLANG_WARN_EMPTY_BODY = YES;
				CLANG_WARN_ENUM_CONVERSION = YES;
				CLANG_WARN_INFINITE_RECURSION = YES;
				CLANG_WARN_INT_CONVERSION = YES;
				CLANG_WARN_NON_LITERAL_NULL_CONVERSION = YES;
				CLANG_WARN_OBJC_IMPLICIT_RETAIN_SELF = YES;
				CLANG_WARN_OBJC_LITERAL_CONVERSION = YES;
				CLANG_WARN_OBJC_ROOT_CLASS = YES_ERROR;
				CLANG_WARN_QUOTED_INCLUDE_IN_FRAMEWORK_HEADER = YES;
				CLANG_WARN_RANGE_LOOP_ANALYSIS = YES;
				CLANG_WARN_STRICT_PROTOTYPES = YES;
				CLANG_WARN_SUSPICIOUS_MOVE = YES;
				CLANG_WARN_UNGUARDED_AVAILABILITY = YES_AGGRESSIVE;
				CLANG_WARN_UNREACHABLE_CODE = YES;
				CLANG_WARN__DUPLICATE_METHOD_MATCH = YES;
				COPY_PHASE_STRIP = NO;
				DEBUG_INFORMATION_FORMAT = "dwarf-with-dsym";
				ENABLE_NS_ASSERTIONS = NO;
				ENABLE_STRICT_OBJC_MSGSEND = YES;
				ENABLE_USER_SCRIPT_SANDBOXING = YES;
				GCC_C_LANGUAGE_STANDARD = gnu17;
				GCC_NO_COMMON_BLOCKS = YES;
				GCC_WARN_64_TO_32_BIT_CONVERSION = YES;
				GCC_WARN_ABOUT_RETURN_TYPE = YES_ERROR;
				GCC_WARN_UNDECLARED_SELECTOR = YES;
				GCC_WARN_UNINITIALIZED_AUTOS = YES_AGGRESSIVE;
				GCC_WARN_UNUSED_FUNCTION = YES;
				GCC_WARN_UNUSED_VARIABLE = YES;
				LOCALIZATION_PREFERS_STRING_CATALOGS = YES;
				MACOSX_DEPLOYMENT_TARGET = 15.0;
				MTL_ENABLE_DEBUG_INFO = NO;
				MTL_FAST_MATH = YES;
				SDKROOT = macosx;
				SWIFT_COMPILATION_MODE = wholemodule;
				SWIFT_VERSION = 6.0;
			};
			name = Release;
		};
		87652C4D2CAB87AA00942B11 /* Debug */ = {
			isa = XCBuildConfiguration;
			baseConfigurationReference = 8794691D2DB783F600957C34 /* _Config.xcconfig */;
			buildSettings = {
				ASSETCATALOG_COMPILER_APPICON_NAME = AppIcon;
				ASSETCATALOG_COMPILER_GLOBAL_ACCENT_COLOR_NAME = AccentColor;
				CODE_SIGN_ENTITLEMENTS = AltCP/AltCP.entitlements;
				"CODE_SIGN_IDENTITY[sdk=macosx*]" = "-";
				CODE_SIGN_STYLE = Automatic;
				COMBINE_HIDPI_IMAGES = YES;
				CURRENT_PROJECT_VERSION = "$(BUILD_NUMBER)";
				DEVELOPMENT_ASSET_PATHS = "\"AltCP/Preview Content\"";
				DEVELOPMENT_TEAM = "";
				ENABLE_HARDENED_RUNTIME = YES;
				ENABLE_PREVIEWS = YES;
				GENERATE_INFOPLIST_FILE = YES;
				INFOPLIST_KEY_NSHumanReadableCopyright = "";
				LD_RUNPATH_SEARCH_PATHS = (
					"$(inherited)",
					"@executable_path/../Frameworks",
				);
				MARKETING_VERSION = 0.1.1;
				PRODUCT_BUNDLE_IDENTIFIER = jp.tana.AltCP;
				PRODUCT_NAME = "$(TARGET_NAME)";
				SWIFT_EMIT_LOC_STRINGS = YES;
				SWIFT_VERSION = 6.0;
				VERSION = 0.1.0;
			};
			name = Debug;
		};
		87652C4E2CAB87AA00942B11 /* Release */ = {
			isa = XCBuildConfiguration;
			baseConfigurationReferenceAnchor = 87652C3F2CAB87A900942B11 /* AltCP */;
			baseConfigurationReferenceRelativePath = _Config.xcconfig;
			buildSettings = {
				ASSETCATALOG_COMPILER_APPICON_NAME = AppIcon;
				ASSETCATALOG_COMPILER_GLOBAL_ACCENT_COLOR_NAME = AccentColor;
				CODE_SIGN_ENTITLEMENTS = AltCP/AltCP.entitlements;
				"CODE_SIGN_IDENTITY[sdk=macosx*]" = "-";
				CODE_SIGN_STYLE = Automatic;
				COMBINE_HIDPI_IMAGES = YES;
				CURRENT_PROJECT_VERSION = "$(BUILD_NUMBER)";
				DEVELOPMENT_ASSET_PATHS = "\"AltCP/Preview Content\"";
				DEVELOPMENT_TEAM = "";
				ENABLE_HARDENED_RUNTIME = YES;
				ENABLE_PREVIEWS = YES;
				GENERATE_INFOPLIST_FILE = YES;
				INFOPLIST_KEY_NSHumanReadableCopyright = "";
				LD_RUNPATH_SEARCH_PATHS = (
					"$(inherited)",
					"@executable_path/../Frameworks",
				);
				MARKETING_VERSION = 0.1.1;
				PRODUCT_BUNDLE_IDENTIFIER = jp.tana.AltCP;
				PRODUCT_NAME = "$(TARGET_NAME)";
				SWIFT_EMIT_LOC_STRINGS = YES;
				SWIFT_VERSION = 6.0;
				VERSION = 0.1.0;
			};
			name = Release;
		};
/* End XCBuildConfiguration section */

/* Begin XCConfigurationList section */
		87652C382CAB87A900942B11 /* Build configuration list for PBXProject "AltCP" */ = {
			isa = XCConfigurationList;
			buildConfigurations = (
				87652C4A2CAB87AA00942B11 /* Debug */,
				87652C4B2CAB87AA00942B11 /* Release */,
			);
			defaultConfigurationIsVisible = 0;
			defaultConfigurationName = Release;
		};
		87652C4C2CAB87AA00942B11 /* Build configuration list for PBXNativeTarget "AltCP" */ = {
			isa = XCConfigurationList;
			buildConfigurations = (
				87652C4D2CAB87AA00942B11 /* Debug */,
				87652C4E2CAB87AA00942B11 /* Release */,
			);
			defaultConfigurationIsVisible = 0;
			defaultConfigurationName = Release;
		};
/* End XCConfigurationList section */

/* Begin XCRemoteSwiftPackageReference section */
		8791A44C2DAFD7C100C58298 /* XCRemoteSwiftPackageReference "NWer" */ = {
			isa = XCRemoteSwiftPackageReference;
			repositoryURL = /Users/tanaka/Documents/SwiftUI_app/NWer;
			requirement = {
				branch = main;
				kind = branch;
			};
		};
/* End XCRemoteSwiftPackageReference section */

/* Begin XCSwiftPackageProductDependency section */
		8791A44D2DAFD7C100C58298 /* NWer */ = {
			isa = XCSwiftPackageProductDependency;
			package = 8791A44C2DAFD7C100C58298 /* XCRemoteSwiftPackageReference "NWer" */;
			productName = NWer;
		};
/* End XCSwiftPackageProductDependency section */
	};
	rootObject = 87652C352CAB87A900942B11 /* Project object */;
}
